<?xml version="1.0" encoding="utf-8"?>
<Project ToolsVersion="4.0" xmlns="http://schemas.microsoft.com/developer/msbuild/2003">
  <ItemGroup>
    <Filter Include="Source Files">
      <UniqueIdentifier>{4FC737F1-C7A5-4376-A066-2A32D752A2FF}</UniqueIdentifier>
      <Extensions>cpp;c;cc;cxx;c++;cppm;ixx;def;odl;idl;hpj;bat;asm;asmx</Extensions>
    </Filter>
    <Filter Include="Header Files">
      <UniqueIdentifier>{93995380-89BD-4b04-88EB-625FBE52EBFB}</UniqueIdentifier>
      <Extensions>h;hh;hpp;hxx;h++;hm;inl;inc;ipp;xsd</Extensions>
    </Filter>
    <Filter Include="Resource Files">
      <UniqueIdentifier>{67DA6AB6-F800-4c08-8B7A-83BB121AAD01}</UniqueIdentifier>
      <Extensions>rc;ico;cur;bmp;dlg;rc2;rct;bin;rgs;gif;jpg;jpeg;jpe;resx;tiff;tif;png;wav;mfcribbon-ms</Extensions>
    </Filter>
    <Filter Include="Resource Files\NewFilter1">
      <UniqueIdentifier>{530140ee-8760-465e-a463-c68b9a5f914b}</UniqueIdentifier>
    </Filter>
    <Filter Include="Resource Files\NewFilter2">
      <UniqueIdentifier>{3f5989dd-bb69-449d-8d12-4ff8f7a86e20}</UniqueIdentifier>
    </Filter>
    <Filter Include="Resource Files\NewFilter3">
      <UniqueIdentifier>{ab5223f5-e305-4889-892b-3cf42826119f}</UniqueIdentifier>
    </Filter>
  </ItemGroup>
  <ItemGroup>
    <ClCompile Include="1.TwoSum.cpp">
      <Filter>Resource Files\NewFilter1</Filter>
    </ClCompile>
    <ClCompile Include="20ValidParentheses.cpp">
      <Filter>Resource Files\NewFilter1</Filter>
    </ClCompile>
    <ClCompile Include="217.Contains Duplicate.cpp">
      <Filter>Resource Files\NewFilter1</Filter>
    </ClCompile>
    <ClCompile Include="238ЗProductOfArray.cpp">
      <Filter>Resource Files\NewFilter1</Filter>
    </ClCompile>
    <ClCompile Include="349.Intersection of Two Arrays.cpp">
      <Filter>Resource Files\NewFilter1</Filter>
    </ClCompile>
    <ClCompile Include="2529MaximumCountOfPositiveIntrgerAndNegativeInteger.cpp">
      <Filter>Resource Files\NewFilter1</Filter>
    </ClCompile>
    <ClCompile Include="268.Missing_Number.cpp">
      <Filter>Resource Files\NewFilter2</Filter>
    </ClCompile>
    <ClCompile Include="14.Longest Common Prefix.cpp">
      <Filter>Resource Files\NewFilter2</Filter>
    </ClCompile>
    <ClCompile Include="9.Palindrome Number.cpp">
      <Filter>Resource Files\NewFilter2</Filter>
    </ClCompile>
    <ClCompile Include="13.RomanToInteger.cpp">
      <Filter>Resource Files\NewFilter2</Filter>
    </ClCompile>
    <ClCompile Include="169.Majority Element.cpp">
      <Filter>Resource Files\NewFilter2</Filter>
    </ClCompile>
    <ClCompile Include="242.ValidAnagram.cpp">
      <Filter>Resource Files\NewFilter2</Filter>
    </ClCompile>
    <ClCompile Include="387.FirstUniqueCharacterinaString.cpp">
      <Filter>Resource Files\NewFilter2</Filter>
    </ClCompile>
    <ClCompile Include="153.FindMinimuminRotatedSortedArray.cpp">
      <Filter>Resource Files\NewFilter2</Filter>
    </ClCompile>
    <ClCompile Include="26.RemoveDuplicatesfromSortedArray.cpp">
      <Filter>Resource Files\NewFilter3</Filter>
    </ClCompile>
  </ItemGroup>
</Project>